// !$*UTF8*$!
{
	archiveVersion = 1;
	classes = {
	};
	objectVersion = 50;
	objects = {

/* Begin PBXBuildFile section */
		B1137F162284722400C0168E /* AppDelegate.swift in Sources */ = {isa = PBXBuildFile; fileRef = B1137F152284722400C0168E /* AppDelegate.swift */; };
		B1137F182284722400C0168E /* ViewController.swift in Sources */ = {isa = PBXBuildFile; fileRef = B1137F172284722400C0168E /* ViewController.swift */; };
		B1137F1B2284722400C0168E /* Main.storyboard in Resources */ = {isa = PBXBuildFile; fileRef = B1137F192284722400C0168E /* Main.storyboard */; };
		B1137F1D2284722600C0168E /* Assets.xcassets in Resources */ = {isa = PBXBuildFile; fileRef = B1137F1C2284722600C0168E /* Assets.xcassets */; };
		B1137F202284722600C0168E /* LaunchScreen.storyboard in Resources */ = {isa = PBXBuildFile; fileRef = B1137F1E2284722600C0168E /* LaunchScreen.storyboard */; };
		B1137F2B2284722600C0168E /* Mapkit_Turn_by_turn_navigationTests.swift in Sources */ = {isa = PBXBuildFile; fileRef = B1137F2A2284722600C0168E /* Mapkit_Turn_by_turn_navigationTests.swift */; };
		B1137F372284724900C0168E /* MapKit.framework in Frameworks */ = {isa = PBXBuildFile; fileRef = B1137F362284724900C0168E /* MapKit.framework */; };
/* End PBXBuildFile section */

/* Begin PBXContainerItemProxy section */
		B1137F272284722600C0168E /* PBXContainerItemProxy */ = {
			isa = PBXContainerItemProxy;
			containerPortal = B1137F0A2284722400C0168E /* Project object */;
			proxyType = 1;
			remoteGlobalIDString = B1137F112284722400C0168E;
			remoteInfo = "Mapkit-Turn-by-turn-navigation";
		};
/* End PBXContainerItemProxy section */

/* Begin PBXFileReference section */
		B1137F122284722400C0168E /* Mapkit-Turn-by-turn-navigation.app */ = {isa = PBXFileReference; explicitFileType = wrapper.application; includeInIndex = 0; path = "Mapkit-Turn-by-turn-navigation.app"; sourceTree = BUILT_PRODUCTS_DIR; };
		B1137F152284722400C0168E /* AppDelegate.swift */ = {isa = PBXFileReference; lastKnownFileType = sourcecode.swift; path = AppDelegate.swift; sourceTree = "<group>"; };
		B1137F172284722400C0168E /* ViewController.swift */ = {isa = PBXFileReference; lastKnownFileType = sourcecode.swift; path = ViewController.swift; sourceTree = "<group>"; };
		B1137F1A2284722400C0168E /* Base */ = {isa = PBXFileReference; lastKnownFileType = file.storyboard; name = Base; path = Base.lproj/Main.storyboard; sourceTree = "<group>"; };
		B1137F1C2284722600C0168E /* Assets.xcassets */ = {isa = PBXFileReference; lastKnownFileType = folder.assetcatalog; path = Assets.xcassets; sourceTree = "<group>"; };
		B1137F1F2284722600C0168E /* Base */ = {isa = PBXFileReference; lastKnownFileType = file.storyboard; name = Base; path = Base.lproj/LaunchScreen.storyboard; sourceTree = "<group>"; };
		B1137F212284722600C0168E /* Info.plist */ = {isa = PBXFileReference; lastKnownFileType = text.plist.xml; path = Info.plist; sourceTree = "<group>"; };
		B1137F262284722600C0168E /* Mapkit-Turn-by-turn-navigationTests.xctest */ = {isa = PBXFileReference; explicitFileType = wrapper.cfbundle; includeInIndex = 0; path = "Mapkit-Turn-by-turn-navigationTests.xctest"; sourceTree = BUILT_PRODUCTS_DIR; };
		B1137F2A2284722600C0168E /* Mapkit_Turn_by_turn_navigationTests.swift */ = {isa = PBXFileReference; lastKnownFileType = sourcecode.swift; path = Mapkit_Turn_by_turn_navigationTests.swift; sourceTree = "<group>"; };
		B1137F2C2284722600C0168E /* Info.plist */ = {isa = PBXFileReference; lastKnownFileType = text.plist.xml; path = Info.plist; sourceTree = "<group>"; };
		B1137F362284724900C0168E /* MapKit.framework */ = {isa = PBXFileReference; lastKnownFileType = wrapper.framework; name = MapKit.framework; path = System/Library/Frameworks/MapKit.framework; sourceTree = SDKROOT; };
		B1137F3822847B9B00C0168E /* ScienceCentre.gpx */ = {isa = PBXFileReference; lastKnownFileType = text; path = ScienceCentre.gpx; sourceTree = "<group>"; };
/* End PBXFileReference section */

/* Begin PBXFrameworksBuildPhase section */
		B1137F0F2284722400C0168E /* Frameworks */ = {
			isa = PBXFrameworksBuildPhase;
			buildActionMask = 2147483647;
			files = (
				B1137F372284724900C0168E /* MapKit.framework in Frameworks */,
			);
			runOnlyForDeploymentPostprocessing = 0;
		};
		B1137F232284722600C0168E /* Frameworks */ = {
			isa = PBXFrameworksBuildPhase;
			buildActionMask = 2147483647;
			files = (
			);
			runOnlyForDeploymentPostprocessing = 0;
		};
/* End PBXFrameworksBuildPhase section */

/* Begin PBXGroup section */
		B1137F092284722400C0168E = {
			isa = PBXGroup;
			children = (
				B1137F3822847B9B00C0168E /* ScienceCentre.gpx */,
				B1137F142284722400C0168E /* Mapkit-Turn-by-turn-navigation */,
				B1137F292284722600C0168E /* Mapkit-Turn-by-turn-navigationTests */,
				B1137F132284722400C0168E /* Products */,
				B1137F352284724900C0168E /* Frameworks */,
			);
			sourceTree = "<group>";
		};
		B1137F132284722400C0168E /* Products */ = {
			isa = PBXGroup;
			children = (
				B1137F122284722400C0168E /* Mapkit-Turn-by-turn-navigation.app */,
				B1137F262284722600C0168E /* Mapkit-Turn-by-turn-navigationTests.xctest */,
			);
			name = Products;
			sourceTree = "<group>";
		};
		B1137F142284722400C0168E /* Mapkit-Turn-by-turn-navigation */ = {
			isa = PBXGroup;
			children = (
				B1137F152284722400C0168E /* AppDelegate.swift */,
				B1137F172284722400C0168E /* ViewController.swift */,
				B1137F192284722400C0168E /* Main.storyboard */,
				B1137F1C2284722600C0168E /* Assets.xcassets */,
				B1137F1E2284722600C0168E /* LaunchScreen.storyboard */,
				B1137F212284722600C0168E /* Info.plist */,
			);
			path = "Mapkit-Turn-by-turn-navigation";
			sourceTree = "<group>";
		};
		B1137F292284722600C0168E /* Mapkit-Turn-by-turn-navigationTests */ = {
			isa = PBXGroup;
			children = (
				B1137F2A2284722600C0168E /* Mapkit_Turn_by_turn_navigationTests.swift */,
				B1137F2C2284722600C0168E /* Info.plist */,
			);
			path = "Mapkit-Turn-by-turn-navigationTests";
			sourceTree = "<group>";
		};
		B1137F352284724900C0168E /* Frameworks */ = {
			isa = PBXGroup;
			children = (
				B1137F362284724900C0168E /* MapKit.framework */,
			);
			name = Frameworks;
			sourceTree = "<group>";
		};
/* End PBXGroup section */

/* Begin PBXNativeTarget section */
		B1137F112284722400C0168E /* Mapkit-Turn-by-turn-navigation */ = {
			isa = PBXNativeTarget;
			buildConfigurationList = B1137F2F2284722600C0168E /* Build configuration list for PBXNativeTarget "Mapkit-Turn-by-turn-navigation" */;
			buildPhases = (
				B1137F0E2284722400C0168E /* Sources */,
				B1137F0F2284722400C0168E /* Frameworks */,
				B1137F102284722400C0168E /* Resources */,
			);
			buildRules = (
			);
			dependencies = (
			);
			name = "Mapkit-Turn-by-turn-navigation";
			productName = "Mapkit-Turn-by-turn-navigation";
			productReference = B1137F122284722400C0168E /* Mapkit-Turn-by-turn-navigation.app */;
			productType = "com.apple.product-type.application";
		};
		B1137F252284722600C0168E /* Mapkit-Turn-by-turn-navigationTests */ = {
			isa = PBXNativeTarget;
			buildConfigurationList = B1137F322284722600C0168E /* Build configuration list for PBXNativeTarget "Mapkit-Turn-by-turn-navigationTests" */;
			buildPhases = (
				B1137F222284722600C0168E /* Sources */,
				B1137F232284722600C0168E /* Frameworks */,
				B1137F242284722600C0168E /* Resources */,
			);
			buildRules = (
			);
			dependencies = (
				B1137F282284722600C0168E /* PBXTargetDependency */,
			);
			name = "Mapkit-Turn-by-turn-navigationTests";
			productName = "Mapkit-Turn-by-turn-navigationTests";
			productReference = B1137F262284722600C0168E /* Mapkit-Turn-by-turn-navigationTests.xctest */;
			productType = "com.apple.product-type.bundle.unit-test";
		};
/* End PBXNativeTarget section */

/* Begin PBXProject section */
		B1137F0A2284722400C0168E /* Project object */ = {
			isa = PBXProject;
			attributes = {
				LastSwiftUpdateCheck = 1020;
				LastUpgradeCheck = 1020;
				ORGANIZATIONNAME = VictorLee;
				TargetAttributes = {
					B1137F112284722400C0168E = {
						CreatedOnToolsVersion = 10.2.1;
						SystemCapabilities = {
							com.apple.BackgroundModes = {
								enabled = 1;
							};
							com.apple.Maps.iOS = {
								enabled = 1;
							};
						};
					};
					B1137F252284722600C0168E = {
						CreatedOnToolsVersion = 10.2.1;
						TestTargetID = B1137F112284722400C0168E;
					};
				};
			};
			buildConfigurationList = B1137F0D2284722400C0168E /* Build configuration list for PBXProject "Mapkit-Turn-by-turn-navigation" */;
			compatibilityVersion = "Xcode 9.3";
			developmentRegion = en;
			hasScannedForEncodings = 0;
			knownRegions = (
				en,
				Base,
			);
			mainGroup = B1137F092284722400C0168E;
			productRefGroup = B1137F132284722400C0168E /* Products */;
			projectDirPath = "";
			projectRoot = "";
			targets = (
				B1137F112284722400C0168E /* Mapkit-Turn-by-turn-navigation */,
				B1137F252284722600C0168E /* Mapkit-Turn-by-turn-navigationTests */,
			);
		};
/* End PBXProject section */

/* Begin PBXResourcesBuildPhase section */
		B1137F102284722400C0168E /* Resources */ = {
			isa = PBXResourcesBuildPhase;
			buildActionMask = 2147483647;
			files = (
				B1137F202284722600C0168E /* LaunchScreen.storyboard in Resources */,
				B1137F1D2284722600C0168E /* Assets.xcassets in Resources */,
				B1137F1B2284722400C0168E /* Main.storyboard in Resources */,
			);
			runOnlyForDeploymentPostprocessing = 0;
		};
		B1137F242284722600C0168E /* Resources */ = {
			isa = PBXResourcesBuildPhase;
			buildActionMask = 2147483647;
			files = (
			);
			runOnlyForDeploymentPostprocessing = 0;
		};
/* End PBXResourcesBuildPhase section */

/* Begin PBXSourcesBuildPhase section */
		B1137F0E2284722400C0168E /* Sources */ = {
			isa = PBXSourcesBuildPhase;
			buildActionMask = 2147483647;
			files = (
				B1137F182284722400C0168E /* ViewController.swift in Sources */,
				B1137F162284722400C0168E /* AppDelegate.swift in Sources */,
			);
			runOnlyForDeploymentPostprocessing = 0;
		};
		B1137F222284722600C0168E /* Sources */ = {
			isa = PBXSourcesBuildPhase;
			buildActionMask = 2147483647;
			files = (
				B1137F2B2284722600C0168E /* Mapkit_Turn_by_turn_navigationTests.swift in Sources */,
			);
			runOnlyForDeploymentPostprocessing = 0;
		};
/* End PBXSourcesBuildPhase section */

/* Begin PBXTargetDependency section */
		B1137F282284722600C0168E /* PBXTargetDependency */ = {
			isa = PBXTargetDependency;
			target = B1137F112284722400C0168E /* Mapkit-Turn-by-turn-navigation */;
			targetProxy = B1137F272284722600C0168E /* PBXContainerItemProxy */;
		};
/* End PBXTargetDependency section */

/* Begin PBXVariantGroup section */
		B1137F192284722400C0168E /* Main.storyboard */ = {
			isa = PBXVariantGroup;
			children = (
				B1137F1A2284722400C0168E /* Base */,
			);
			name = Main.storyboard;
			sourceTree = "<group>";
		};
		B1137F1E2284722600C0168E /* LaunchScreen.storyboard */ = {
			isa = PBXVariantGroup;
			children = (
				B1137F1F2284722600C0168E /* Base */,
			);
			name = LaunchScreen.storyboard;
			sourceTree = "<group>";
		};
/* End PBXVariantGroup section */

/* Begin XCBuildConfiguration section */
		B1137F2D2284722600C0168E /* Debug */ = {
			isa = XCBuildConfiguration;
			buildSettings = {
				ALWAYS_SEARCH_USER_PATHS = NO;
				CLANG_ANALYZER_NONNULL = YES;
				CLANG_ANALYZER_NUMBER_OBJECT_CONVERSION = YES_AGGRESSIVE;
				CLANG_CXX_LANGUAGE_STANDARD = "gnu++14";
				CLANG_CXX_LIBRARY = "libc++";
				CLANG_ENABLE_MODULES = YES;
				CLANG_ENABLE_OBJC_ARC = YES;
				CLANG_ENABLE_OBJC_WEAK = YES;
				CLANG_WARN_BLOCK_CAPTURE_AUTORELEASING = YES;
				CLANG_WARN_BOOL_CONVERSION = YES;
				CLANG_WARN_COMMA = YES;
				CLANG_WARN_CONSTANT_CONVERSION = YES;
				CLANG_WARN_DEPRECATED_OBJC_IMPLEMENTATIONS = YES;
				CLANG_WARN_DIRECT_OBJC_ISA_USAGE = YES_ERROR;
				CLANG_WARN_DOCUMENTATION_COMMENTS = YES;
				CLANG_WARN_EMPTY_BODY = YES;
				CLANG_WARN_ENUM_CONVERSION = YES;
				CLANG_WARN_INFINITE_RECURSION = YES;
				CLANG_WARN_INT_CONVERSION = YES;
				CLANG_WARN_NON_LITERAL_NULL_CONVERSION = YES;
				CLANG_WARN_OBJC_IMPLICIT_RETAIN_SELF = YES;
				CLANG_WARN_OBJC_LITERAL_CONVERSION = YES;
				CLANG_WARN_OBJC_ROOT_CLASS = YES_ERROR;
				CLANG_WARN_RANGE_LOOP_ANALYSIS = YES;
				CLANG_WARN_STRICT_PROTOTYPES = YES;
				CLANG_WARN_SUSPICIOUS_MOVE = YES;
				CLANG_WARN_UNGUARDED_AVAILABILITY = YES_AGGRESSIVE;
				CLANG_WARN_UNREACHABLE_CODE = YES;
				CLANG_WARN__DUPLICATE_METHOD_MATCH = YES;
				CODE_SIGN_IDENTITY = "iPhone Developer";
				COPY_PHASE_STRIP = NO;
				DEBUG_INFORMATION_FORMAT = dwarf;
				ENABLE_STRICT_OBJC_MSGSEND = YES;
				ENABLE_TESTABILITY = YES;
				GCC_C_LANGUAGE_STANDARD = gnu11;
				GCC_DYNAMIC_NO_PIC = NO;
				GCC_NO_COMMON_BLOCKS = YES;
				GCC_OPTIMIZATION_LEVEL = 0;
				GCC_PREPROCESSOR_DEFINITIONS = (
					"DEBUG=1",
					"$(inherited)",
				);
				GCC_WARN_64_TO_32_BIT_CONVERSION = YES;
				GCC_WARN_ABOUT_RETURN_TYPE = YES_ERROR;
				GCC_WARN_UNDECLARED_SELECTOR = YES;
				GCC_WARN_UNINITIALIZED_AUTOS = YES_AGGRESSIVE;
				GCC_WARN_UNUSED_FUNCTION = YES;
				GCC_WARN_UNUSED_VARIABLE = YES;
				IPHONEOS_DEPLOYMENT_TARGET = 12.2;
				MTL_ENABLE_DEBUG_INFO = INCLUDE_SOURCE;
				MTL_FAST_MATH = YES;
				ONLY_ACTIVE_ARCH = YES;
				SDKROOT = iphoneos;
				SWIFT_ACTIVE_COMPILATION_CONDITIONS = DEBUG;
				SWIFT_OPTIMIZATION_LEVEL = "-Onone";
			};
			name = Debug;
		};
		B1137F2E2284722600C0168E /* Release */ = {
			isa = XCBuildConfiguration;
			buildSettings = {
				ALWAYS_SEARCH_USER_PATHS = NO;
				CLANG_ANALYZER_NONNULL = YES;
				CLANG_ANALYZER_NUMBER_OBJECT_CONVERSION = YES_AGGRESSIVE;
				CLANG_CXX_LANGUAGE_STANDARD = "gnu++14";
				CLANG_CXX_LIBRARY = "libc++";
				CLANG_ENABLE_MODULES = YES;
				CLANG_ENABLE_OBJC_ARC = YES;
				CLANG_ENABLE_OBJC_WEAK = YES;
				CLANG_WARN_BLOCK_CAPTURE_AUTORELEASING = YES;
				CLANG_WARN_BOOL_CONVERSION = YES;
				CLANG_WARN_COMMA = YES;
				CLANG_WARN_CONSTANT_CONVERSION = YES;
				CLANG_WARN_DEPRECATED_OBJC_IMPLEMENTATIONS = YES;
				CLANG_WARN_DIRECT_OBJC_ISA_USAGE = YES_ERROR;
				CLANG_WARN_DOCUMENTATION_COMMENTS = YES;
				CLANG_WARN_EMPTY_BODY = YES;
				CLANG_WARN_ENUM_CONVERSION = YES;
				CLANG_WARN_INFINITE_RECURSION = YES;
				CLANG_WARN_INT_CONVERSION = YES;
				CLANG_WARN_NON_LITERAL_NULL_CONVERSION = YES;
				CLANG_WARN_OBJC_IMPLICIT_RETAIN_SELF = YES;
				CLANG_WARN_OBJC_LITERAL_CONVERSION = YES;
				CLANG_WARN_OBJC_ROOT_CLASS = YES_ERROR;
				CLANG_WARN_RANGE_LOOP_ANALYSIS = YES;
				CLANG_WARN_STRICT_PROTOTYPES = YES;
				CLANG_WARN_SUSPICIOUS_MOVE = YES;
				CLANG_WARN_UNGUARDED_AVAILABILITY = YES_AGGRESSIVE;
				CLANG_WARN_UNREACHABLE_CODE = YES;
				CLANG_WARN__DUPLICATE_METHOD_MATCH = YES;
				CODE_SIGN_IDENTITY = "iPhone Developer";
				COPY_PHASE_STRIP = NO;
				DEBUG_INFORMATION_FORMAT = "dwarf-with-dsym";
				ENABLE_NS_ASSERTIONS = NO;
				ENABLE_STRICT_OBJC_MSGSEND = YES;
				GCC_C_LANGUAGE_STANDARD = gnu11;
				GCC_NO_COMMON_BLOCKS = YES;
				GCC_WARN_64_TO_32_BIT_CONVERSION = YES;
				GCC_WARN_ABOUT_RETURN_TYPE = YES_ERROR;
				GCC_WARN_UNDECLARED_SELECTOR = YES;
				GCC_WARN_UNINITIALIZED_AUTOS = YES_AGGRESSIVE;
				GCC_WARN_UNUSED_FUNCTION = YES;
				GCC_WARN_UNUSED_VARIABLE = YES;
				IPHONEOS_DEPLOYMENT_TARGET = 12.2;
				MTL_ENABLE_DEBUG_INFO = NO;
				MTL_FAST_MATH = YES;
				SDKROOT = iphoneos;
				SWIFT_COMPILATION_MODE = wholemodule;
				SWIFT_OPTIMIZATION_LEVEL = "-O";
				VALIDATE_PRODUCT = YES;
			};
			name = Release;
		};
		B1137F302284722600C0168E /* Debug */ = {
			isa = XCBuildConfiguration;
			buildSettings = {
				ASSETCATALOG_COMPILER_APPICON_NAME = AppIcon;
				CODE_SIGN_STYLE = Automatic;
				DEVELOPMENT_TEAM = E26925RH2T;
				INFOPLIST_FILE = "Mapkit-Turn-by-turn-navigation/Info.plist";
				LD_RUNPATH_SEARCH_PATHS = (
					"$(inherited)",
					"@executable_path/Frameworks",
				);
				PRODUCT_BUNDLE_IDENTIFIER = "com.VictorLee.Mapkit-Turn-by-turn-navigation";
				PRODUCT_NAME = "$(TARGET_NAME)";
				SWIFT_VERSION = 5.0;
				TARGETED_DEVICE_FAMILY = "1,2";
			};
			name = Debug;
		};
		B1137F312284722600C0168E /* Release */ = {
			isa = XCBuildConfiguration;
			buildSettings = {
				ASSETCATALOG_COMPILER_APPICON_NAME = AppIcon;
				CODE_SIGN_STYLE = Automatic;
				DEVELOPMENT_TEAM = E26925RH2T;
				INFOPLIST_FILE = "Mapkit-Turn-by-turn-navigation/Info.plist";
				LD_RUNPATH_SEARCH_PATHS = (
					"$(inherited)",
					"@executable_path/Frameworks",
				);
				PRODUCT_BUNDLE_IDENTIFIER = "com.VictorLee.Mapkit-Turn-by-turn-navigation";
				PRODUCT_NAME = "$(TARGET_NAME)";
				SWIFT_VERSION = 5.0;
				TARGETED_DEVICE_FAMILY = "1,2";
			};
			name = Release;
		};
		B1137F332284722600C0168E /* Debug */ = {
			isa = XCBuildConfiguration;
			buildSettings = {
				ALWAYS_EMBED_SWIFT_STANDARD_LIBRARIES = YES;
				BUNDLE_LOADER = "$(TEST_HOST)";
				CODE_SIGN_STYLE = Automatic;
				DEVELOPMENT_TEAM = E26925RH2T;
				INFOPLIST_FILE = "Mapkit-Turn-by-turn-navigationTests/Info.plist";
				LD_RUNPATH_SEARCH_PATHS = (
					"$(inherited)",
					"@executable_path/Frameworks",
					"@loader_path/Frameworks",
				);
				PRODUCT_BUNDLE_IDENTIFIER = "com.VictorLee.Mapkit-Turn-by-turn-navigationTests";
				PRODUCT_NAME = "$(TARGET_NAME)";
				SWIFT_VERSION = 5.0;
				TARGETED_DEVICE_FAMILY = "1,2";
				TEST_HOST = "$(BUILT_PRODUCTS_DIR)/Mapkit-Turn-by-turn-navigation.app/Mapkit-Turn-by-turn-navigation";
			};
			name = Debug;
		};
		B1137F342284722600C0168E /* Release */ = {
			isa = XCBuildConfiguration;
			buildSettings = {
				ALWAYS_EMBED_SWIFT_STANDARD_LIBRARIES = YES;
				BUNDLE_LOADER = "$(TEST_HOST)";
				CODE_SIGN_STYLE = Automatic;
				DEVELOPMENT_TEAM = E26925RH2T;
				INFOPLIST_FILE = "Mapkit-Turn-by-turn-navigationTests/Info.plist";
				LD_RUNPATH_SEARCH_PATHS = (
					"$(inherited)",
					"@executable_path/Frameworks",
					"@loader_path/Frameworks",
				);
				PRODUCT_BUNDLE_IDENTIFIER = "com.VictorLee.Mapkit-Turn-by-turn-navigationTests";
				PRODUCT_NAME = "$(TARGET_NAME)";
				SWIFT_VERSION = 5.0;
				TARGETED_DEVICE_FAMILY = "1,2";
				TEST_HOST = "$(BUILT_PRODUCTS_DIR)/Mapkit-Turn-by-turn-navigation.app/Mapkit-Turn-by-turn-navigation";
			};
			name = Release;
		};
/* End XCBuildConfiguration section */

/* Begin XCConfigurationList section */
		B1137F0D2284722400C0168E /* Build configuration list for PBXProject "Mapkit-Turn-by-turn-navigation" */ = {
			isa = XCConfigurationList;
			buildConfigurations = (
				B1137F2D2284722600C0168E /* Debug */,
				B1137F2E2284722600C0168E /* Release */,
			);
			defaultConfigurationIsVisible = 0;
			defaultConfigurationName = Release;
		};
		B1137F2F2284722600C0168E /* Build configuration list for PBXNativeTarget "Mapkit-Turn-by-turn-navigation" */ = {
			isa = XCConfigurationList;
			buildConfigurations = (
				B1137F302284722600C0168E /* Debug */,
				B1137F312284722600C0168E /* Release */,
			);
			defaultConfigurationIsVisible = 0;
			defaultConfigurationName = Release;
		};
		B1137F322284722600C0168E /* Build configuration list for PBXNativeTarget "Mapkit-Turn-by-turn-navigationTests" */ = {
			isa = XCConfigurationList;
			buildConfigurations = (
				B1137F332284722600C0168E /* Debug */,
				B1137F342284722600C0168E /* Release */,
			);
			defaultConfigurationIsVisible = 0;
			defaultConfigurationName = Release;
		};
/* End XCConfigurationList section */
	};
	rootObject = B1137F0A2284722400C0168E /* Project object */;
}
